
Microsoft Visual Studio Solution File, Format Version 12.00
# Visual Studio Version 16
VisualStudioVersion = 16.0.31515.178
MinimumVisualStudioVersion = 10.0.40219.1
Project("{FAE04EC0-301F-11D3-BF4B-00C04F79EFBC}") = "EFDEmoWeb", "EFDEmoWeb\EFDEmoWeb.csproj", "{73DB3FB8-3EFB-4157-AA54-AE405FE58404}"
EndProject
Project("{FAE04EC0-301F-11D3-BF4B-00C04F79EFBC}") = "EFDataAccessLibrary", "EFDataAccessLibrary\EFDataAccessLibrary.csproj", "{C8562CEB-4270-4C02-8498-CC8DD2567C57}"
EndProject
Global
	GlobalSection(SolutionConfigurationPlatforms) = preSolution
		Debug|Any CPU = Debug|Any CPU
		Release|Any CPU = Release|Any CPU
	EndGlobalSection
	GlobalSection(ProjectConfigurationPlatforms) = postSolution
		{73DB3FB8-3EFB-4157-AA54-AE405FE58404}.Debug|Any CPU.ActiveCfg = Debug|Any CPU
		{73DB3FB8-3EFB-4157-AA54-AE405FE58404}.Debug|Any CPU.Build.0 = Debug|Any CPU
		{73DB3FB8-3EFB-4157-AA54-AE405FE58404}.Release|Any CPU.ActiveCfg = Release|Any CPU
		{73DB3FB8-3EFB-4157-AA54-AE405FE58404}.Release|Any CPU.Build.0 = Release|Any CPU
		{C8562CEB-4270-4C02-8498-CC8DD2567C57}.Debug|Any CPU.ActiveCfg = Debug|Any CPU
		{C8562CEB-4270-4C02-8498-CC8DD2567C57}.Debug|Any CPU.Build.0 = Debug|Any CPU
		{C8562CEB-4270-4C02-8498-CC8DD2567C57}.Release|Any CPU.ActiveCfg = Release|Any CPU
		{C8562CEB-4270-4C02-8498-CC8DD2567C57}.Release|Any CPU.Build.0 = Release|Any CPU
	EndGlobalSection
	GlobalSection(SolutionProperties) = preSolution
		HideSolutionNode = FALSE
	EndGlobalSection
	GlobalSection(ExtensibilityGlobals) = postSolution
		SolutionGuid = {EB2CDB77-0084-410E-A224-C7D44A7CFEB1}
	EndGlobalSection
EndGlobal
